{
  "name": "node js",
  "lockfileVersion": 2,
  "requires": true,
  "packages": {
    "": {
      "dependencies": {
        "ethers": "^3.0.29"
      }
    },
    "node_modules/aes-js": {
      "version": "3.0.0",
      "resolved": "https://registry.npmjs.org/aes-js/-/aes-js-3.0.0.tgz",
      "integrity": "sha512-H7wUZRn8WpTq9jocdxQ2c8x2sKo9ZVmzfRE13GiNJXfp7NcKYEdvl3vspKjXox6RIG2VtaRe4JFvxG4rqp2Zuw=="
    },
    "node_modules/bn.js": {
      "version": "4.12.0",
      "resolved": "https://registry.npmjs.org/bn.js/-/bn.js-4.12.0.tgz",
      "integrity": "sha512-c98Bf3tPniI+scsdk237ku1Dc3ujXQTSgyiPUDEOe7tRkhrqridvh8klBv0HCEso1OLOYcHuCv/cS6DNxKH+ZA=="
    },
    "node_modules/brorand": {
      "version": "1.1.0",
      "resolved": "https://registry.npmjs.org/brorand/-/brorand-1.1.0.tgz",
      "integrity": "sha512-cKV8tMCEpQs4hK/ik71d6LrPOnpkpGBR0wzxqr68g2m/LB2GxVYQroAjMJZRVM1Y4BCjCKc3vAamxSzOY2RP+w=="
    },
    "node_modules/elliptic": {
      "version": "6.3.3",
      "resolved": "https://registry.npmjs.org/elliptic/-/elliptic-6.3.3.tgz",
      "integrity": "sha512-cIky9SO2H8W2eU1NOLySnhOYJnuEWCq9ZJeHvHd/lXzEL9vyraIMfilZSn57X3aVX+wkfYmqkch2LvmTzkjFpA==",
      "dependencies": {
        "bn.js": "^4.4.0",
        "brorand": "^1.0.1",
        "hash.js": "^1.0.0",
        "inherits": "^2.0.1"
      }
    },
    "node_modules/ethers": {
      "version": "3.0.29",
      "resolved": "https://registry.npmjs.org/ethers/-/ethers-3.0.29.tgz",
      "integrity": "sha512-OGyA5pW5xFC5o/ZV5MfIoVp/EdA1QMg2bMJFf7Kznsz8m7IzzbgsPHTCjzSfKQDs/XDphGyRcA7A6bkIeJL4gw==",
      "dependencies": {
        "aes-js": "3.0.0",
        "bn.js": "^4.4.0",
        "elliptic": "6.3.3",
        "hash.js": "^1.0.0",
        "inherits": "2.0.1",
        "js-sha3": "0.5.7",
        "scrypt-js": "2.0.3",
        "setimmediate": "1.0.4",
        "uuid": "2.0.1",
        "xmlhttprequest": "1.8.0"
      }
    },
    "node_modules/hash.js": {
      "version": "1.1.7",
      "resolved": "https://registry.npmjs.org/hash.js/-/hash.js-1.1.7.tgz",
      "integrity": "sha512-taOaskGt4z4SOANNseOviYDvjEJinIkRgmp7LbKP2YTTmVxWBl87s/uzK9r+44BclBSp2X7K1hqeNfz9JbBeXA==",
      "dependencies": {
        "inherits": "^2.0.3",
        "minimalistic-assert": "^1.0.1"
      }
    },
    "node_modules/hash.js/node_modules/inherits": {
      "version": "2.0.4",
      "resolved": "https://registry.npmjs.org/inherits/-/inherits-2.0.4.tgz",
      "integrity": "sha512-k/vGaX4/Yla3WzyMCvTQOXYeIHvqOKtnqBduzTHpzpQZzAskKMhZ2K+EnBiSM9zGSoIFeMpXKxa4dYeZIQqewQ=="
    },
    "node_modules/inherits": {
      "version": "2.0.1",
      "resolved": "https://registry.npmjs.org/inherits/-/inherits-2.0.1.tgz",
      "integrity": "sha512-8nWq2nLTAwd02jTqJExUYFSD/fKq6VH9Y/oG2accc/kdI0V98Bag8d5a4gi3XHz73rDWa2PvTtvcWYquKqSENA=="
    },
    "node_modules/js-sha3": {
      "version": "0.5.7",
      "resolved": "https://registry.npmjs.org/js-sha3/-/js-sha3-0.5.7.tgz",
      "integrity": "sha512-GII20kjaPX0zJ8wzkTbNDYMY7msuZcTWk8S5UOh6806Jq/wz1J8/bnr8uGU0DAUmYDjj2Mr4X1cW8v/GLYnR+g=="
    },
    "node_modules/minimalistic-assert": {
      "version": "1.0.1",
      "resolved": "https://registry.npmjs.org/minimalistic-assert/-/minimalistic-assert-1.0.1.tgz",
      "integrity": "sha512-UtJcAD4yEaGtjPezWuO9wC4nwUnVH/8/Im3yEHQP4b67cXlD/Qr9hdITCU1xDbSEXg2XKNaP8jsReV7vQd00/A=="
    },
    "node_modules/scrypt-js": {
      "version": "2.0.3",
      "resolved": "https://registry.npmjs.org/scrypt-js/-/scrypt-js-2.0.3.tgz",
      "integrity": "sha512-d8DzQxNivoNDogyYmb/9RD5mEQE/Q7vG2dLDUgvfPmKL9xCVzgqUntOdS0me9Cq9Sh9VxIZuoNEFcsfyXRnyUw=="
    },
    "node_modules/setimmediate": {
      "version": "1.0.4",
      "resolved": "https://registry.npmjs.org/setimmediate/-/setimmediate-1.0.4.tgz",
      "integrity": "sha512-/TjEmXQVEzdod/FFskf3o7oOAsGhHf2j1dZqRFbDzq4F3mvvxflIIi4Hd3bLQE9y/CpwqfSQam5JakI/mi3Pog=="
    },
    "node_modules/uuid": {
      "version": "2.0.1",
      "resolved": "https://registry.npmjs.org/uuid/-/uuid-2.0.1.tgz",
      "integrity": "sha512-nWg9+Oa3qD2CQzHIP4qKUqwNfzKn8P0LtFhotaCTFchsV7ZfDhAybeip/HZVeMIpZi9JgY1E3nUlwaCmZT1sEg==",
      "deprecated": "Please upgrade  to version 7 or higher.  Older versions may use Math.random() in certain circumstances, which is known to be problematic.  See https://v8.dev/blog/math-random for details."
    },
    "node_modules/xmlhttprequest": {
      "version": "1.8.0",
      "resolved": "https://registry.npmjs.org/xmlhttprequest/-/xmlhttprequest-1.8.0.tgz",
      "integrity": "sha512-58Im/U0mlVBLM38NdZjHyhuMtCqa61469k2YP/AaPbvCoV9aQGUpbJBj1QRm2ytRiVQBD/fsw7L2bJGDVQswBA==",
      "engines": {
        "node": ">=0.4.0"
      }
    }
  },
  "dependencies": {
    "aes-js": {
      "version": "3.0.0",
      "resolved": "https://registry.npmjs.org/aes-js/-/aes-js-3.0.0.tgz",
      "integrity": "sha512-H7wUZRn8WpTq9jocdxQ2c8x2sKo9ZVmzfRE13GiNJXfp7NcKYEdvl3vspKjXox6RIG2VtaRe4JFvxG4rqp2Zuw=="
    },
    "bn.js": {
      "version": "4.12.0",
      "resolved": "https://registry.npmjs.org/bn.js/-/bn.js-4.12.0.tgz",
      "integrity": "sha512-c98Bf3tPniI+scsdk237ku1Dc3ujXQTSgyiPUDEOe7tRkhrqridvh8klBv0HCEso1OLOYcHuCv/cS6DNxKH+ZA=="
    },
    "brorand": {
      "version": "1.1.0",
      "resolved": "https://registry.npmjs.org/brorand/-/brorand-1.1.0.tgz",
      "integrity": "sha512-cKV8tMCEpQs4hK/ik71d6LrPOnpkpGBR0wzxqr68g2m/LB2GxVYQroAjMJZRVM1Y4BCjCKc3vAamxSzOY2RP+w=="
    },
    "elliptic": {
      "version": "6.3.3",
      "resolved": "https://registry.npmjs.org/elliptic/-/elliptic-6.3.3.tgz",
      "integrity": "sha512-cIky9SO2H8W2eU1NOLySnhOYJnuEWCq9ZJeHvHd/lXzEL9vyraIMfilZSn57X3aVX+wkfYmqkch2LvmTzkjFpA==",
      "requires": {
        "bn.js": "^4.4.0",
        "brorand": "^1.0.1",
        "hash.js": "^1.0.0",
        "inherits": "^2.0.1"
      }
    },
    "ethers": {
      "version": "3.0.29",
      "resolved": "https://registry.npmjs.org/ethers/-/ethers-3.0.29.tgz",
      "integrity": "sha512-OGyA5pW5xFC5o/ZV5MfIoVp/EdA1QMg2bMJFf7Kznsz8m7IzzbgsPHTCjzSfKQDs/XDphGyRcA7A6bkIeJL4gw==",
      "requires": {
        "aes-js": "3.0.0",
        "bn.js": "^4.4.0",
        "elliptic": "6.3.3",
        "hash.js": "^1.0.0",
        "inherits": "2.0.1",
        "js-sha3": "0.5.7",
        "scrypt-js": "2.0.3",
        "setimmediate": "1.0.4",
        "uuid": "2.0.1",
        "xmlhttprequest": "1.8.0"
      }
    },
    "hash.js": {
      "version": "1.1.7",
      "resolved": "https://registry.npmjs.org/hash.js/-/hash.js-1.1.7.tgz",
      "integrity": "sha512-taOaskGt4z4SOANNseOviYDvjEJinIkRgmp7LbKP2YTTmVxWBl87s/uzK9r+44BclBSp2X7K1hqeNfz9JbBeXA==",
      "requires": {
        "inherits": "^2.0.3",
        "minimalistic-assert": "^1.0.1"
      },
      "dependencies": {
        "inherits": {
          "version": "2.0.4",
          "resolved": "https://registry.npmjs.org/inherits/-/inherits-2.0.4.tgz",
          "integrity": "sha512-k/vGaX4/Yla3WzyMCvTQOXYeIHvqOKtnqBduzTHpzpQZzAskKMhZ2K+EnBiSM9zGSoIFeMpXKxa4dYeZIQqewQ=="
        }
      }
    },
    "inherits": {
      "version": "2.0.1",
      "resolved": "https://registry.npmjs.org/inherits/-/inherits-2.0.1.tgz",
      "integrity": "sha512-8nWq2nLTAwd02jTqJExUYFSD/fKq6VH9Y/oG2accc/kdI0V98Bag8d5a4gi3XHz73rDWa2PvTtvcWYquKqSENA=="
    },
    "js-sha3": {
      "version": "0.5.7",
      "resolved": "https://registry.npmjs.org/js-sha3/-/js-sha3-0.5.7.tgz",
      "integrity": "sha512-GII20kjaPX0zJ8wzkTbNDYMY7msuZcTWk8S5UOh6806Jq/wz1J8/bnr8uGU0DAUmYDjj2Mr4X1cW8v/GLYnR+g=="
    },
    "minimalistic-assert": {
      "version": "1.0.1",
      "resolved": "https://registry.npmjs.org/minimalistic-assert/-/minimalistic-assert-1.0.1.tgz",
      "integrity": "sha512-UtJcAD4yEaGtjPezWuO9wC4nwUnVH/8/Im3yEHQP4b67cXlD/Qr9hdITCU1xDbSEXg2XKNaP8jsReV7vQd00/A=="
    },
    "scrypt-js": {
      "version": "2.0.3",
      "resolved": "https://registry.npmjs.org/scrypt-js/-/scrypt-js-2.0.3.tgz",
      "integrity": "sha512-d8DzQxNivoNDogyYmb/9RD5mEQE/Q7vG2dLDUgvfPmKL9xCVzgqUntOdS0me9Cq9Sh9VxIZuoNEFcsfyXRnyUw=="
    },
    "setimmediate": {
      "version": "1.0.4",
      "resolved": "https://registry.npmjs.org/setimmediate/-/setimmediate-1.0.4.tgz",
      "integrity": "sha512-/TjEmXQVEzdod/FFskf3o7oOAsGhHf2j1dZqRFbDzq4F3mvvxflIIi4Hd3bLQE9y/CpwqfSQam5JakI/mi3Pog=="
    },
    "uuid": {
      "version": "2.0.1",
      "resolved": "https://registry.npmjs.org/uuid/-/uuid-2.0.1.tgz",
      "integrity": "sha512-nWg9+Oa3qD2CQzHIP4qKUqwNfzKn8P0LtFhotaCTFchsV7ZfDhAybeip/HZVeMIpZi9JgY1E3nUlwaCmZT1sEg=="
    },
    "xmlhttprequest": {
      "version": "1.8.0",
      "resolved": "https://registry.npmjs.org/xmlhttprequest/-/xmlhttprequest-1.8.0.tgz",
      "integrity": "sha512-58Im/U0mlVBLM38NdZjHyhuMtCqa61469k2YP/AaPbvCoV9aQGUpbJBj1QRm2ytRiVQBD/fsw7L2bJGDVQswBA=="
    }
  }
}
